
Microsoft Visual Studio Solution File, Format Version 12.00
# Visual Studio Version 17
VisualStudioVersion = 17.3.32922.545
MinimumVisualStudioVersion = 10.0.40219.1
Project("{FAE04EC0-301F-11D3-BF4B-00C04F79EFBC}") = "Stack", "Stack\Stack.csproj", "{069898E3-E5BD-439C-AE59-C7949DC93E8C}"
EndProject
Global
	GlobalSection(SolutionConfigurationPlatforms) = preSolution
		Debug|Any CPU = Debug|Any CPU
		Release|Any CPU = Release|Any CPU
	EndGlobalSection
	GlobalSection(ProjectConfigurationPlatforms) = postSolution
		{069898E3-E5BD-439C-AE59-C7949DC93E8C}.Debug|Any CPU.ActiveCfg = Debug|Any CPU
		{069898E3-E5BD-439C-AE59-C7949DC93E8C}.Debug|Any CPU.Build.0 = Debug|Any CPU
		{069898E3-E5BD-439C-AE59-C7949DC93E8C}.Release|Any CPU.ActiveCfg = Release|Any CPU
		{069898E3-E5BD-439C-AE59-C7949DC93E8C}.Release|Any CPU.Build.0 = Release|Any CPU
	EndGlobalSection
	GlobalSection(SolutionProperties) = preSolution
		HideSolutionNode = FALSE
	EndGlobalSection
	GlobalSection(ExtensibilityGlobals) = postSolution
		SolutionGuid = {108BBE24-24B4-4B0F-AA65-0E1554E0E3AB}
	EndGlobalSection
EndGlobal
